{"version":4,"terraform_version":"1.11.6","serial":6,"lineage":"2819c789-e251-098f-df02-3d0d90d84de0","outputs":{"findings_bucket_arn":{"value":"arn:aws:s3:::seuss-bounty-infra-01","type":"string"},"github_actions_role_arn":{"value":"arn:aws:iam::566995725962:role/vms-github-actions-deployer","type":"string"},"kms_key_arn":{"value":"arn:aws:kms:us-east-1:566995725962:key/32e4fc2e-9d6e-4e5c-b55a-a92f43646864","type":"string"}},"resources":[{"mode":"managed","type":"aws_dynamodb_table","name":"tofu_locks","provider":"provider[\"registry.opentofu.org/hashicorp/aws\"]","instances":[{"schema_version":1,"attributes":{"arn":"arn:aws:dynamodb:us-east-1:566995725962:table/vms-tofu-lock-table","attribute":[{"name":"LockID","type":"S"}],"billing_mode":"PAY_PER_REQUEST","deletion_protection_enabled":false,"global_secondary_index":[],"hash_key":"LockID","id":"vms-tofu-lock-table","import_table":[],"local_secondary_index":[],"name":"vms-tofu-lock-table","on_demand_throughput":[],"point_in_time_recovery":[{"enabled":false,"recovery_period_in_days":0}],"range_key":null,"read_capacity":0,"replica":[],"restore_date_time":null,"restore_source_name":null,"restore_source_table_arn":null,"restore_to_latest_time":null,"server_side_encryption":[],"stream_arn":"","stream_enabled":false,"stream_label":"","stream_view_type":"","table_class":"STANDARD","tags":{"ManagedBy":"OpenTofu","Name":"vms-dynamodb-locks"},"tags_all":{"ManagedBy":"OpenTofu","Name":"vms-dynamodb-locks"},"timeouts":null,"ttl":[{"attribute_name":"","enabled":false}],"write_capacity":0},"sensitive_attributes":[],"private":"eyJlMmJmYjczMC1lY2FhLTExZTYtOGY4OC0zNDM2M2JjN2M0YzAiOnsiY3JlYXRlIjoxODAwMDAwMDAwMDAwLCJkZWxldGUiOjYwMDAwMDAwMDAwMCwidXBkYXRlIjozNjAwMDAwMDAwMDAwfSwic2NoZW1hX3ZlcnNpb24iOiIxIn0="}]},{"mode":"managed","type":"aws_iam_openid_connect_provider","name":"github","provider":"provider[\"registry.opentofu.org/hashicorp/aws\"]","instances":[{"schema_version":0,"attributes":{"arn":"arn:aws:iam::566995725962:oidc-provider/token.actions.githubusercontent.com","client_id_list":["sts.amazonaws.com"],"id":"arn:aws:iam::566995725962:oidc-provider/token.actions.githubusercontent.com","tags":{},"tags_all":{},"thumbprint_list":["6938fd4d98bab03faadb97b34396831e3780aea1","1c58a3a8516e8748507a656002f52074eef743c3"],"url":"token.actions.githubusercontent.com"},"sensitive_attributes":[],"private":"bnVsbA=="}]},{"mode":"managed","type":"aws_iam_role","name":"github_actions_deployer","provider":"provider[\"registry.opentofu.org/hashicorp/aws\"]","instances":[{"schema_version":0,"attributes":{"arn":"arn:aws:iam::566995725962:role/vms-github-actions-deployer","assume_role_policy":"{\"Statement\":[{\"Action\":\"sts:AssumeRoleWithWebIdentity\",\"Condition\":{\"StringEquals\":{\"token.actions.githubusercontent.com:aud\":\"sts.amazonaws.com\"},\"StringLike\":{\"token.actions.githubusercontent.com:sub\":\"repo:Seuss27/bounty-infra:ref:refs/heads/main\"}},\"Effect\":\"Allow\",\"Principal\":{\"Federated\":\"arn:aws:iam::566995725962:oidc-provider/token.actions.githubusercontent.com\"}}],\"Version\":\"2012-10-17\"}","create_date":"2026-06-02T19:24:19Z","description":"","force_detach_policies":false,"id":"vms-github-actions-deployer","inline_policy":[],"managed_policy_arns":["arn:aws:iam::aws:policy/PowerUserAccess"],"max_session_duration":3600,"name":"vms-github-actions-deployer","name_prefix":"","path":"/","permissions_boundary":"","tags":{},"tags_all":{},"unique_id":"AROAYIA4UF2FBRAPVRJ5F"},"sensitive_attributes":[],"private":"bnVsbA==","dependencies":["aws_iam_openid_connect_provider.github"]}]},{"mode":"managed","type":"aws_iam_role_policy_attachment","name":"deployer_poweruser","provider":"provider[\"registry.opentofu.org/hashicorp/aws\"]","instances":[{"schema_version":0,"attributes":{"id":"vms-github-actions-deployer-20260602192419224900000001","policy_arn":"arn:aws:iam::aws:policy/PowerUserAccess","role":"vms-github-actions-deployer"},"sensitive_attributes":[],"private":"bnVsbA==","dependencies":["aws_iam_openid_connect_provider.github","aws_iam_role.github_actions_deployer"]}]},{"mode":"managed","type":"aws_iam_role_policy_attachment","name":"github_actions_admin","provider":"provider[\"registry.opentofu.org/hashicorp/aws\"]","instances":[{"schema_version":0,"attributes":{"id":"vms-github-actions-deployer-20260602223817171900000001","policy_arn":"arn:aws:iam::aws:policy/AdministratorAccess","role":"vms-github-actions-deployer"},"sensitive_attributes":[],"private":"bnVsbA==","dependencies":["aws_iam_openid_connect_provider.github","aws_iam_role.github_actions_deployer"]}]},{"mode":"managed","type":"aws_kms_key","name":"findings_key","provider":"provider[\"registry.opentofu.org/hashicorp/aws\"]","instances":[{"schema_version":0,"attributes":{"arn":"arn:aws:kms:us-east-1:566995725962:key/32e4fc2e-9d6e-4e5c-b55a-a92f43646864","bypass_policy_lockout_safety_check":false,"custom_key_store_id":"","customer_master_key_spec":"SYMMETRIC_DEFAULT","deletion_window_in_days":30,"description":"KMS Key for Bug Bounty Findings S3 Bucket","enable_key_rotation":true,"id":"32e4fc2e-9d6e-4e5c-b55a-a92f43646864","is_enabled":true,"key_id":"32e4fc2e-9d6e-4e5c-b55a-a92f43646864","key_usage":"ENCRYPT_DECRYPT","multi_region":false,"policy":"{\"Id\":\"key-default-1\",\"Statement\":[{\"Action\":\"kms:*\",\"Effect\":\"Allow\",\"Principal\":{\"AWS\":\"arn:aws:iam::566995725962:root\"},\"Resource\":\"*\",\"Sid\":\"Enable IAM User Permissions\"}],\"Version\":\"2012-10-17\"}","rotation_period_in_days":365,"tags":{"ManagedBy":"OpenTofu","Name":"vms-kms-findings"},"tags_all":{"ManagedBy":"OpenTofu","Name":"vms-kms-findings"},"timeouts":null,"xks_key_id":""},"sensitive_attributes":[],"private":"eyJlMmJmYjczMC1lY2FhLTExZTYtOGY4OC0zNDM2M2JjN2M0YzAiOnsiY3JlYXRlIjoxMjAwMDAwMDAwMDB9fQ=="}]},{"mode":"managed","type":"aws_s3_bucket","name":"findings","provider":"provider[\"registry.opentofu.org/hashicorp/aws\"]","instances":[{"schema_version":0,"attributes":{"acceleration_status":"","acl":null,"arn":"arn:aws:s3:::seuss-bounty-infra-01","bucket":"seuss-bounty-infra-01","bucket_domain_name":"seuss-bounty-infra-01.s3.amazonaws.com","bucket_prefix":"","bucket_regional_domain_name":"seuss-bounty-infra-01.s3.us-east-1.amazonaws.com","cors_rule":[],"force_destroy":false,"grant":[{"id":"462986e76cb9de3d333657621a584801c4b9a9e716fdd648571ea28c3d6ca8e9","permissions":["FULL_CONTROL"],"type":"CanonicalUser","uri":""}],"hosted_zone_id":"Z3AQBSTGFYJSTF","id":"seuss-bounty-infra-01","lifecycle_rule":[],"logging":[],"object_lock_configuration":[],"object_lock_enabled":false,"policy":"","region":"us-east-1","replication_configuration":[],"request_payer":"BucketOwner","server_side_encryption_configuration":[{"rule":[{"apply_server_side_encryption_by_default":[{"kms_master_key_id":"arn:aws:kms:us-east-1:566995725962:key/32e4fc2e-9d6e-4e5c-b55a-a92f43646864","sse_algorithm":"aws:kms"}],"bucket_key_enabled":false}]}],"tags":{"ManagedBy":"OpenTofu","Name":"vms-s3-findings"},"tags_all":{"ManagedBy":"OpenTofu","Name":"vms-s3-findings"},"timeouts":null,"versioning":[{"enabled":false,"mfa_delete":false}],"website":[],"website_domain":null,"website_endpoint":null},"sensitive_attributes":[],"private":"eyJlMmJmYjczMC1lY2FhLTExZTYtOGY4OC0zNDM2M2JjN2M0YzAiOnsiY3JlYXRlIjoxMjAwMDAwMDAwMDAwLCJkZWxldGUiOjM2MDAwMDAwMDAwMDAsInJlYWQiOjEyMDAwMDAwMDAwMDAsInVwZGF0ZSI6MTIwMDAwMDAwMDAwMH19"}]},{"mode":"managed","type":"aws_s3_bucket_public_access_block","name":"findings_privacy","provider":"provider[\"registry.opentofu.org/hashicorp/aws\"]","instances":[{"schema_version":0,"attributes":{"block_public_acls":true,"block_public_policy":true,"bucket":"seuss-bounty-infra-01","id":"seuss-bounty-infra-01","ignore_public_acls":true,"restrict_public_buckets":true},"sensitive_attributes":[],"private":"bnVsbA==","dependencies":["aws_s3_bucket.findings"]}]},{"mode":"managed","type":"aws_s3_bucket_server_side_encryption_configuration","name":"findings_encryption","provider":"provider[\"registry.opentofu.org/hashicorp/aws\"]","instances":[{"schema_version":0,"attributes":{"bucket":"seuss-bounty-infra-01","expected_bucket_owner":"","id":"seuss-bounty-infra-01","rule":[{"apply_server_side_encryption_by_default":[{"kms_master_key_id":"arn:aws:kms:us-east-1:566995725962:key/32e4fc2e-9d6e-4e5c-b55a-a92f43646864","sse_algorithm":"aws:kms"}],"bucket_key_enabled":false}]},"sensitive_attributes":[],"private":"bnVsbA==","dependencies":["aws_kms_key.findings_key","aws_s3_bucket.findings"]}]}],"check_results":null}
